// !$*UTF8*$!
{
	archiveVersion = 1;
	classes = {
	};
	objectVersion = 77;
	objects = {

/* Begin PBXBuildFile section */
		8802C7C02EDBBA3A00BE95D7 /* Assets.xcassets in Resources */ = {isa = PBXBuildFile; fileRef = 8802C7B02EDBBA3A00BE95D7 /* Assets.xcassets */; };
		8802C7C12EDBBA3A00BE95D7 /* AppFlowViewModel.swift in Sources */ = {isa = PBXBuildFile; fileRef = 8802C7B12EDBBA3A00BE95D7 /* AppFlowViewModel.swift */; };
		8802C7C22EDBBA3A00BE95D7 /* MainView.swift in Sources */ = {isa = PBXBuildFile; fileRef = 8802C7B22EDBBA3A00BE95D7 /* MainView.swift */; };
		8802C7C32EDBBA3A00BE95D7 /* OnboardingView.swift in Sources */ = {isa = PBXBuildFile; fileRef = 8802C7B32EDBBA3A00BE95D7 /* OnboardingView.swift */; };
		8802C7C42EDBBA3A00BE95D7 /* OnboardingViewModel.swift in Sources */ = {isa = PBXBuildFile; fileRef = 8802C7B42EDBBA3A00BE95D7 /* OnboardingViewModel.swift */; };
		8802C7C52EDBBA3A00BE95D7 /* PayWallView.swift in Sources */ = {isa = PBXBuildFile; fileRef = 8802C7B52EDBBA3A00BE95D7 /* PayWallView.swift */; };
		8802C7C62EDBBA3A00BE95D7 /* PaywallViewModel.swift in Sources */ = {isa = PBXBuildFile; fileRef = 8802C7B62EDBBA3A00BE95D7 /* PaywallViewModel.swift */; };
		8802C7C72EDBBA3A00BE95D7 /* RootView.swift in Sources */ = {isa = PBXBuildFile; fileRef = 8802C7B72EDBBA3A00BE95D7 /* RootView.swift */; };
		8802C7C82EDBBA3A00BE95D7 /* SubscriptionDemoApp.swift in Sources */ = {isa = PBXBuildFile; fileRef = 8802C7B82EDBBA3A00BE95D7 /* SubscriptionDemoApp.swift */; };
		8802C7D52EDBBC7F00BE95D7 /* PurchaseStatusView.swift in Sources */ = {isa = PBXBuildFile; fileRef = 8802C7D32EDBBC7F00BE95D7 /* PurchaseStatusView.swift */; };
		8802C7D62EDBBC7F00BE95D7 /* SubscriptionPaymentService.swift in Sources */ = {isa = PBXBuildFile; fileRef = 8802C7D42EDBBC7F00BE95D7 /* SubscriptionPaymentService.swift */; };
/* End PBXBuildFile section */

/* Begin PBXFileReference section */
		8802C7672EDBB8FD00BE95D7 /* SubscriptionDemo.app */ = {isa = PBXFileReference; explicitFileType = wrapper.application; includeInIndex = 0; path = SubscriptionDemo.app; sourceTree = BUILT_PRODUCTS_DIR; };
		8802C7B02EDBBA3A00BE95D7 /* Assets.xcassets */ = {isa = PBXFileReference; lastKnownFileType = folder.assetcatalog; path = Assets.xcassets; sourceTree = "<group>"; };
		8802C7B12EDBBA3A00BE95D7 /* AppFlowViewModel.swift */ = {isa = PBXFileReference; lastKnownFileType = sourcecode.swift; path = AppFlowViewModel.swift; sourceTree = "<group>"; };
		8802C7B22EDBBA3A00BE95D7 /* MainView.swift */ = {isa = PBXFileReference; lastKnownFileType = sourcecode.swift; path = MainView.swift; sourceTree = "<group>"; };
		8802C7B32EDBBA3A00BE95D7 /* OnboardingView.swift */ = {isa = PBXFileReference; lastKnownFileType = sourcecode.swift; path = OnboardingView.swift; sourceTree = "<group>"; };
		8802C7B42EDBBA3A00BE95D7 /* OnboardingViewModel.swift */ = {isa = PBXFileReference; lastKnownFileType = sourcecode.swift; path = OnboardingViewModel.swift; sourceTree = "<group>"; };
		8802C7B52EDBBA3A00BE95D7 /* PayWallView.swift */ = {isa = PBXFileReference; lastKnownFileType = sourcecode.swift; path = PayWallView.swift; sourceTree = "<group>"; };
		8802C7B62EDBBA3A00BE95D7 /* PaywallViewModel.swift */ = {isa = PBXFileReference; lastKnownFileType = sourcecode.swift; path = PaywallViewModel.swift; sourceTree = "<group>"; };
		8802C7B72EDBBA3A00BE95D7 /* RootView.swift */ = {isa = PBXFileReference; lastKnownFileType = sourcecode.swift; path = RootView.swift; sourceTree = "<group>"; };
		8802C7B82EDBBA3A00BE95D7 /* SubscriptionDemoApp.swift */ = {isa = PBXFileReference; lastKnownFileType = sourcecode.swift; path = SubscriptionDemoApp.swift; sourceTree = "<group>"; };
		8802C7D32EDBBC7F00BE95D7 /* PurchaseStatusView.swift */ = {isa = PBXFileReference; lastKnownFileType = sourcecode.swift; path = PurchaseStatusView.swift; sourceTree = "<group>"; };
		8802C7D42EDBBC7F00BE95D7 /* SubscriptionPaymentService.swift */ = {isa = PBXFileReference; lastKnownFileType = sourcecode.swift; path = SubscriptionPaymentService.swift; sourceTree = "<group>"; };
		882095F72EDBF9870024BD11 /* Simulator Screen Recording - iPhone 16 Pro - 2025-11-30 at 07.01.40.mp4 */ = {isa = PBXFileReference; lastKnownFileType = file; path = "Simulator Screen Recording - iPhone 16 Pro - 2025-11-30 at 07.01.40.mp4"; sourceTree = "<group>"; };
		882095F82EDBF9900024BD11 /* Simulator Screenshot - iPhone 16 Pro - 2025-11-30 at 06.45.08.png */ = {isa = PBXFileReference; lastKnownFileType = image.png; path = "Simulator Screenshot - iPhone 16 Pro - 2025-11-30 at 06.45.08.png"; sourceTree = "<group>"; };
		882095F92EDBF9A50024BD11 /* Simulator Screenshot - iPhone 16 Pro - 2025-11-30 at 06.45.17.png */ = {isa = PBXFileReference; lastKnownFileType = image.png; path = "Simulator Screenshot - iPhone 16 Pro - 2025-11-30 at 06.45.17.png"; sourceTree = "<group>"; };
		882095FA2EDBF9B60024BD11 /* Simulator Screenshot - iPhone 16 Pro - 2025-11-30 at 06.45.27.png */ = {isa = PBXFileReference; lastKnownFileType = image.png; path = "Simulator Screenshot - iPhone 16 Pro - 2025-11-30 at 06.45.27.png"; sourceTree = "<group>"; };
		882095FB2EDBFA650024BD11 /* Screenshot 2025-11-30 at 07.06.34.png */ = {isa = PBXFileReference; lastKnownFileType = image.png; path = "Screenshot 2025-11-30 at 07.06.34.png"; sourceTree = "<group>"; };
/* End PBXFileReference section */

/* Begin PBXFrameworksBuildPhase section */
		8802C7642EDBB8FD00BE95D7 /* Frameworks */ = {
			isa = PBXFrameworksBuildPhase;
			buildActionMask = 2147483647;
			files = (
			);
			runOnlyForDeploymentPostprocessing = 0;
		};
/* End PBXFrameworksBuildPhase section */

/* Begin PBXGroup section */
		8802C75E2EDBB8FD00BE95D7 = {
			isa = PBXGroup;
			children = (
				882095F62EDBF93D0024BD11 /* screenshots */,
				8802C7692EDBB8FD00BE95D7 /* SubscriptionDemo */,
				8802C7682EDBB8FD00BE95D7 /* Products */,
			);
			sourceTree = "<group>";
		};
		8802C7682EDBB8FD00BE95D7 /* Products */ = {
			isa = PBXGroup;
			children = (
				8802C7672EDBB8FD00BE95D7 /* SubscriptionDemo.app */,
			);
			name = Products;
			sourceTree = "<group>";
		};
		8802C7692EDBB8FD00BE95D7 /* SubscriptionDemo */ = {
			isa = PBXGroup;
			children = (
				8802C7B82EDBBA3A00BE95D7 /* SubscriptionDemoApp.swift */,
				8802C7D32EDBBC7F00BE95D7 /* PurchaseStatusView.swift */,
				8802C7B72EDBBA3A00BE95D7 /* RootView.swift */,
				8802C7B12EDBBA3A00BE95D7 /* AppFlowViewModel.swift */,
				8802C7B42EDBBA3A00BE95D7 /* OnboardingViewModel.swift */,
				8802C7B62EDBBA3A00BE95D7 /* PaywallViewModel.swift */,
				8802C7D42EDBBC7F00BE95D7 /* SubscriptionPaymentService.swift */,
				8802C7B32EDBBA3A00BE95D7 /* OnboardingView.swift */,
				8802C7B52EDBBA3A00BE95D7 /* PayWallView.swift */,
				8802C7B22EDBBA3A00BE95D7 /* MainView.swift */,
				8802C7B02EDBBA3A00BE95D7 /* Assets.xcassets */,
			);
			path = SubscriptionDemo;
			sourceTree = "<group>";
		};
		882095F62EDBF93D0024BD11 /* screenshots */ = {
			isa = PBXGroup;
			children = (
				882095FB2EDBFA650024BD11 /* Screenshot 2025-11-30 at 07.06.34.png */,
				882095F72EDBF9870024BD11 /* Simulator Screen Recording - iPhone 16 Pro - 2025-11-30 at 07.01.40.mp4 */,
				882095F82EDBF9900024BD11 /* Simulator Screenshot - iPhone 16 Pro - 2025-11-30 at 06.45.08.png */,
				882095F92EDBF9A50024BD11 /* Simulator Screenshot - iPhone 16 Pro - 2025-11-30 at 06.45.17.png */,
				882095FA2EDBF9B60024BD11 /* Simulator Screenshot - iPhone 16 Pro - 2025-11-30 at 06.45.27.png */,
			);
			path = screenshots;
			sourceTree = "<group>";
		};
/* End PBXGroup section */

/* Begin PBXNativeTarget section */
		8802C7662EDBB8FD00BE95D7 /* SubscriptionDemo */ = {
			isa = PBXNativeTarget;
			buildConfigurationList = 8802C7722EDBB8FF00BE95D7 /* Build configuration list for PBXNativeTarget "SubscriptionDemo" */;
			buildPhases = (
				8802C7632EDBB8FD00BE95D7 /* Sources */,
				8802C7642EDBB8FD00BE95D7 /* Frameworks */,
				8802C7652EDBB8FD00BE95D7 /* Resources */,
			);
			buildRules = (
			);
			dependencies = (
			);
			name = SubscriptionDemo;
			packageProductDependencies = (
			);
			productName = SubscriptionDemo;
			productReference = 8802C7672EDBB8FD00BE95D7 /* SubscriptionDemo.app */;
			productType = "com.apple.product-type.application";
		};
/* End PBXNativeTarget section */

/* Begin PBXProject section */
		8802C75F2EDBB8FD00BE95D7 /* Project object */ = {
			isa = PBXProject;
			attributes = {
				BuildIndependentTargetsInParallel = 1;
				LastSwiftUpdateCheck = 1640;
				LastUpgradeCheck = 1640;
				TargetAttributes = {
					8802C7662EDBB8FD00BE95D7 = {
						CreatedOnToolsVersion = 16.4;
					};
				};
			};
			buildConfigurationList = 8802C7622EDBB8FD00BE95D7 /* Build configuration list for PBXProject "SubscriptionDemo" */;
			developmentRegion = en;
			hasScannedForEncodings = 0;
			knownRegions = (
				en,
				Base,
			);
			mainGroup = 8802C75E2EDBB8FD00BE95D7;
			minimizedProjectReferenceProxies = 1;
			preferredProjectObjectVersion = 77;
			productRefGroup = 8802C7682EDBB8FD00BE95D7 /* Products */;
			projectDirPath = "";
			projectRoot = "";
			targets = (
				8802C7662EDBB8FD00BE95D7 /* SubscriptionDemo */,
			);
		};
/* End PBXProject section */

/* Begin PBXResourcesBuildPhase section */
		8802C7652EDBB8FD00BE95D7 /* Resources */ = {
			isa = PBXResourcesBuildPhase;
			buildActionMask = 2147483647;
			files = (
				8802C7C02EDBBA3A00BE95D7 /* Assets.xcassets in Resources */,
			);
			runOnlyForDeploymentPostprocessing = 0;
		};
/* End PBXResourcesBuildPhase section */

/* Begin PBXSourcesBuildPhase section */
		8802C7632EDBB8FD00BE95D7 /* Sources */ = {
			isa = PBXSourcesBuildPhase;
			buildActionMask = 2147483647;
			files = (
				8802C7C82EDBBA3A00BE95D7 /* SubscriptionDemoApp.swift in Sources */,
				8802C7C72EDBBA3A00BE95D7 /* RootView.swift in Sources */,
				8802C7C12EDBBA3A00BE95D7 /* AppFlowViewModel.swift in Sources */,
				8802C7C22EDBBA3A00BE95D7 /* MainView.swift in Sources */,
				8802C7C32EDBBA3A00BE95D7 /* OnboardingView.swift in Sources */,
				8802C7C42EDBBA3A00BE95D7 /* OnboardingViewModel.swift in Sources */,
				8802C7C52EDBBA3A00BE95D7 /* PayWallView.swift in Sources */,
				8802C7C62EDBBA3A00BE95D7 /* PaywallViewModel.swift in Sources */,
				8802C7D52EDBBC7F00BE95D7 /* PurchaseStatusView.swift in Sources */,
				8802C7D62EDBBC7F00BE95D7 /* SubscriptionPaymentService.swift in Sources */,
			);
			runOnlyForDeploymentPostprocessing = 0;
		};
/* End PBXSourcesBuildPhase section */

/* Begin XCBuildConfiguration section */
		8802C7702EDBB8FF00BE95D7 /* Debug */ = {
			isa = XCBuildConfiguration;
			buildSettings = {
				ALWAYS_SEARCH_USER_PATHS = NO;
				ASSETCATALOG_COMPILER_GENERATE_SWIFT_ASSET_SYMBOL_EXTENSIONS = YES;
				CLANG_ANALYZER_NONNULL = YES;
				CLANG_ANALYZER_NUMBER_OBJECT_CONVERSION = YES_AGGRESSIVE;
				CLANG_CXX_LANGUAGE_STANDARD = "gnu++20";
				CLANG_ENABLE_MODULES = YES;
				CLANG_ENABLE_OBJC_ARC = YES;
				CLANG_ENABLE_OBJC_WEAK = YES;
				CLANG_WARN_BLOCK_CAPTURE_AUTORELEASING = YES;
				CLANG_WARN_BOOL_CONVERSION = YES;
				CLANG_WARN_COMMA = YES;
				CLANG_WARN_CONSTANT_CONVERSION = YES;
				CLANG_WARN_DEPRECATED_OBJC_IMPLEMENTATIONS = YES;
				CLANG_WARN_DIRECT_OBJC_ISA_USAGE = YES_ERROR;
				CLANG_WARN_DOCUMENTATION_COMMENTS = YES;
				CLANG_WARN_EMPTY_BODY = YES;
				CLANG_WARN_ENUM_CONVERSION = YES;
				CLANG_WARN_INFINITE_RECURSION = YES;
				CLANG_WARN_INT_CONVERSION = YES;
				CLANG_WARN_NON_LITERAL_NULL_CONVERSION = YES;
				CLANG_WARN_OBJC_IMPLICIT_RETAIN_SELF = YES;
				CLANG_WARN_OBJC_LITERAL_CONVERSION = YES;
				CLANG_WARN_OBJC_ROOT_CLASS = YES_ERROR;
				CLANG_WARN_QUOTED_INCLUDE_IN_FRAMEWORK_HEADER = YES;
				CLANG_WARN_RANGE_LOOP_ANALYSIS = YES;
				CLANG_WARN_STRICT_PROTOTYPES = YES;
				CLANG_WARN_SUSPICIOUS_MOVE = YES;
				CLANG_WARN_UNGUARDED_AVAILABILITY = YES_AGGRESSIVE;
				CLANG_WARN_UNREACHABLE_CODE = YES;
				CLANG_WARN__DUPLICATE_METHOD_MATCH = YES;
				COPY_PHASE_STRIP = NO;
				DEBUG_INFORMATION_FORMAT = dwarf;
				DEVELOPMENT_TEAM = 469HWU6NKT;
				ENABLE_STRICT_OBJC_MSGSEND = YES;
				ENABLE_TESTABILITY = YES;
				ENABLE_USER_SCRIPT_SANDBOXING = YES;
				GCC_C_LANGUAGE_STANDARD = gnu17;
				GCC_DYNAMIC_NO_PIC = NO;
				GCC_NO_COMMON_BLOCKS = YES;
				GCC_OPTIMIZATION_LEVEL = 0;
				GCC_PREPROCESSOR_DEFINITIONS = (
					"DEBUG=1",
					"$(inherited)",
				);
				GCC_WARN_64_TO_32_BIT_CONVERSION = YES;
				GCC_WARN_ABOUT_RETURN_TYPE = YES_ERROR;
				GCC_WARN_UNDECLARED_SELECTOR = YES;
				GCC_WARN_UNINITIALIZED_AUTOS = YES_AGGRESSIVE;
				GCC_WARN_UNUSED_FUNCTION = YES;
				GCC_WARN_UNUSED_VARIABLE = YES;
				IPHONEOS_DEPLOYMENT_TARGET = 18.5;
				LOCALIZATION_PREFERS_STRING_CATALOGS = YES;
				MTL_ENABLE_DEBUG_INFO = INCLUDE_SOURCE;
				MTL_FAST_MATH = YES;
				ONLY_ACTIVE_ARCH = YES;
				SDKROOT = iphoneos;
				SWIFT_ACTIVE_COMPILATION_CONDITIONS = "DEBUG $(inherited)";
				SWIFT_OPTIMIZATION_LEVEL = "-Onone";
			};
			name = Debug;
		};
		8802C7712EDBB8FF00BE95D7 /* Release */ = {
			isa = XCBuildConfiguration;
			buildSettings = {
				ALWAYS_SEARCH_USER_PATHS = NO;
				ASSETCATALOG_COMPILER_GENERATE_SWIFT_ASSET_SYMBOL_EXTENSIONS = YES;
				CLANG_ANALYZER_NONNULL = YES;
				CLANG_ANALYZER_NUMBER_OBJECT_CONVERSION = YES_AGGRESSIVE;
				CLANG_CXX_LANGUAGE_STANDARD = "gnu++20";
				CLANG_ENABLE_MODULES = YES;
				CLANG_ENABLE_OBJC_ARC = YES;
				CLANG_ENABLE_OBJC_WEAK = YES;
				CLANG_WARN_BLOCK_CAPTURE_AUTORELEASING = YES;
				CLANG_WARN_BOOL_CONVERSION = YES;
				CLANG_WARN_COMMA = YES;
				CLANG_WARN_CONSTANT_CONVERSION = YES;
				CLANG_WARN_DEPRECATED_OBJC_IMPLEMENTATIONS = YES;
				CLANG_WARN_DIRECT_OBJC_ISA_USAGE = YES_ERROR;
				CLANG_WARN_DOCUMENTATION_COMMENTS = YES;
				CLANG_WARN_EMPTY_BODY = YES;
				CLANG_WARN_ENUM_CONVERSION = YES;
				CLANG_WARN_INFINITE_RECURSION = YES;
				CLANG_WARN_INT_CONVERSION = YES;
				CLANG_WARN_NON_LITERAL_NULL_CONVERSION = YES;
				CLANG_WARN_OBJC_IMPLICIT_RETAIN_SELF = YES;
				CLANG_WARN_OBJC_LITERAL_CONVERSION = YES;
				CLANG_WARN_OBJC_ROOT_CLASS = YES_ERROR;
				CLANG_WARN_QUOTED_INCLUDE_IN_FRAMEWORK_HEADER = YES;
				CLANG_WARN_RANGE_LOOP_ANALYSIS = YES;
				CLANG_WARN_STRICT_PROTOTYPES = YES;
				CLANG_WARN_SUSPICIOUS_MOVE = YES;
				CLANG_WARN_UNGUARDED_AVAILABILITY = YES_AGGRESSIVE;
				CLANG_WARN_UNREACHABLE_CODE = YES;
				CLANG_WARN__DUPLICATE_METHOD_MATCH = YES;
				COPY_PHASE_STRIP = NO;
				DEBUG_INFORMATION_FORMAT = "dwarf-with-dsym";
				DEVELOPMENT_TEAM = 469HWU6NKT;
				ENABLE_NS_ASSERTIONS = NO;
				ENABLE_STRICT_OBJC_MSGSEND = YES;
				ENABLE_USER_SCRIPT_SANDBOXING = YES;
				GCC_C_LANGUAGE_STANDARD = gnu17;
				GCC_NO_COMMON_BLOCKS = YES;
				GCC_WARN_64_TO_32_BIT_CONVERSION = YES;
				GCC_WARN_ABOUT_RETURN_TYPE = YES_ERROR;
				GCC_WARN_UNDECLARED_SELECTOR = YES;
				GCC_WARN_UNINITIALIZED_AUTOS = YES_AGGRESSIVE;
				GCC_WARN_UNUSED_FUNCTION = YES;
				GCC_WARN_UNUSED_VARIABLE = YES;
				IPHONEOS_DEPLOYMENT_TARGET = 18.5;
				LOCALIZATION_PREFERS_STRING_CATALOGS = YES;
				MTL_ENABLE_DEBUG_INFO = NO;
				MTL_FAST_MATH = YES;
				SDKROOT = iphoneos;
				SWIFT_COMPILATION_MODE = wholemodule;
				VALIDATE_PRODUCT = YES;
			};
			name = Release;
		};
		8802C7732EDBB8FF00BE95D7 /* Debug */ = {
			isa = XCBuildConfiguration;
			buildSettings = {
				ASSETCATALOG_COMPILER_APPICON_NAME = AppIcon;
				ASSETCATALOG_COMPILER_GLOBAL_ACCENT_COLOR_NAME = AccentColor;
				CODE_SIGN_STYLE = Automatic;
				CURRENT_PROJECT_VERSION = 1;
				DEVELOPMENT_TEAM = 469HWU6NKT;
				ENABLE_PREVIEWS = YES;
				GENERATE_INFOPLIST_FILE = YES;
				INFOPLIST_KEY_UIApplicationSceneManifest_Generation = YES;
				INFOPLIST_KEY_UIApplicationSupportsIndirectInputEvents = YES;
				INFOPLIST_KEY_UILaunchScreen_Generation = YES;
				INFOPLIST_KEY_UISupportedInterfaceOrientations_iPad = "UIInterfaceOrientationPortrait UIInterfaceOrientationPortraitUpsideDown UIInterfaceOrientationLandscapeLeft UIInterfaceOrientationLandscapeRight";
				INFOPLIST_KEY_UISupportedInterfaceOrientations_iPhone = "UIInterfaceOrientationPortrait UIInterfaceOrientationLandscapeLeft UIInterfaceOrientationLandscapeRight";
				LD_RUNPATH_SEARCH_PATHS = (
					"$(inherited)",
					"@executable_path/Frameworks",
				);
				MARKETING_VERSION = 1.0;
				PRODUCT_BUNDLE_IDENTIFIER = com.test.petproject.SubscriptionDemo;
				PRODUCT_NAME = "$(TARGET_NAME)";
				SWIFT_EMIT_LOC_STRINGS = YES;
				SWIFT_VERSION = 5.0;
				TARGETED_DEVICE_FAMILY = "1,2";
			};
			name = Debug;
		};
		8802C7742EDBB8FF00BE95D7 /* Release */ = {
			isa = XCBuildConfiguration;
			buildSettings = {
				ASSETCATALOG_COMPILER_APPICON_NAME = AppIcon;
				ASSETCATALOG_COMPILER_GLOBAL_ACCENT_COLOR_NAME = AccentColor;
				CODE_SIGN_STYLE = Automatic;
				CURRENT_PROJECT_VERSION = 1;
				DEVELOPMENT_TEAM = 469HWU6NKT;
				ENABLE_PREVIEWS = YES;
				GENERATE_INFOPLIST_FILE = YES;
				INFOPLIST_KEY_UIApplicationSceneManifest_Generation = YES;
				INFOPLIST_KEY_UIApplicationSupportsIndirectInputEvents = YES;
				INFOPLIST_KEY_UILaunchScreen_Generation = YES;
				INFOPLIST_KEY_UISupportedInterfaceOrientations_iPad = "UIInterfaceOrientationPortrait UIInterfaceOrientationPortraitUpsideDown UIInterfaceOrientationLandscapeLeft UIInterfaceOrientationLandscapeRight";
				INFOPLIST_KEY_UISupportedInterfaceOrientations_iPhone = "UIInterfaceOrientationPortrait UIInterfaceOrientationLandscapeLeft UIInterfaceOrientationLandscapeRight";
				LD_RUNPATH_SEARCH_PATHS = (
					"$(inherited)",
					"@executable_path/Frameworks",
				);
				MARKETING_VERSION = 1.0;
				PRODUCT_BUNDLE_IDENTIFIER = com.test.petproject.SubscriptionDemo;
				PRODUCT_NAME = "$(TARGET_NAME)";
				SWIFT_EMIT_LOC_STRINGS = YES;
				SWIFT_VERSION = 5.0;
				TARGETED_DEVICE_FAMILY = "1,2";
			};
			name = Release;
		};
/* End XCBuildConfiguration section */

/* Begin XCConfigurationList section */
		8802C7622EDBB8FD00BE95D7 /* Build configuration list for PBXProject "SubscriptionDemo" */ = {
			isa = XCConfigurationList;
			buildConfigurations = (
				8802C7702EDBB8FF00BE95D7 /* Debug */,
				8802C7712EDBB8FF00BE95D7 /* Release */,
			);
			defaultConfigurationIsVisible = 0;
			defaultConfigurationName = Release;
		};
		8802C7722EDBB8FF00BE95D7 /* Build configuration list for PBXNativeTarget "SubscriptionDemo" */ = {
			isa = XCConfigurationList;
			buildConfigurations = (
				8802C7732EDBB8FF00BE95D7 /* Debug */,
				8802C7742EDBB8FF00BE95D7 /* Release */,
			);
			defaultConfigurationIsVisible = 0;
			defaultConfigurationName = Release;
		};
/* End XCConfigurationList section */
	};
	rootObject = 8802C75F2EDBB8FD00BE95D7 /* Project object */;
}
